// !$*UTF8*$!
{
	archiveVersion = 1;
	classes = {
	};
	objectVersion = 50;
	objects = {

/* Begin PBXBuildFile section */
		721411682441CF370007D97A /* main.cpp in Sources */ = {isa = PBXBuildFile; fileRef = 721411672441CF370007D97A /* main.cpp */; };
		7214117324432A9D0007D97A /* main.cpp in Sources */ = {isa = PBXBuildFile; fileRef = 7214117224432A9D0007D97A /* main.cpp */; };
		7214117E2444D2440007D97A /* main.cpp in Sources */ = {isa = PBXBuildFile; fileRef = 7214117D2444D2440007D97A /* main.cpp */; };
		721411842444D6870007D97A /* math.c in Sources */ = {isa = PBXBuildFile; fileRef = 721411832444D6870007D97A /* math.c */; };
		721411862444DD130007D97A /* test.c in Sources */ = {isa = PBXBuildFile; fileRef = 721411852444DD130007D97A /* test.c */; };
		7214118E244624280007D97A /* main.cpp in Sources */ = {isa = PBXBuildFile; fileRef = 7214118D244624280007D97A /* main.cpp */; };
		72141199244628560007D97A /* main.cpp in Sources */ = {isa = PBXBuildFile; fileRef = 72141198244628560007D97A /* main.cpp */; };
		721AED342441CE590034523E /* main.cpp in Sources */ = {isa = PBXBuildFile; fileRef = 721AED332441CE590034523E /* main.cpp */; };
		727554292448A00500E3595A /* main.cpp in Sources */ = {isa = PBXBuildFile; fileRef = 727554282448A00500E3595A /* main.cpp */; };
		727554342448AB4300E3595A /* main.cpp in Sources */ = {isa = PBXBuildFile; fileRef = 727554332448AB4300E3595A /* main.cpp */; };
		72755448244A2D5A00E3595A /* main.cpp in Sources */ = {isa = PBXBuildFile; fileRef = 72755447244A2D5A00E3595A /* main.cpp */; };
		72B6B74B244CA2EF00454284 /* main.cpp in Sources */ = {isa = PBXBuildFile; fileRef = 72B6B74A244CA2EF00454284 /* main.cpp */; };
		72B6B758244DF8FF00454284 /* main.cpp in Sources */ = {isa = PBXBuildFile; fileRef = 72B6B757244DF8FF00454284 /* main.cpp */; };
		72B6B760244E02DA00454284 /* main.cpp in Sources */ = {isa = PBXBuildFile; fileRef = 72B6B75F244E02DA00454284 /* main.cpp */; };
		72B6B776244E0C9C00454284 /* main.cpp in Sources */ = {isa = PBXBuildFile; fileRef = 72B6B775244E0C9C00454284 /* main.cpp */; };
		72B6B781244E104B00454284 /* main.cpp in Sources */ = {isa = PBXBuildFile; fileRef = 72B6B780244E104B00454284 /* main.cpp */; };
/* End PBXBuildFile section */

/* Begin PBXCopyFilesBuildPhase section */
		721411632441CF370007D97A /* CopyFiles */ = {
			isa = PBXCopyFilesBuildPhase;
			buildActionMask = 2147483647;
			dstPath = /usr/share/man/man1/;
			dstSubfolderSpec = 0;
			files = (
			);
			runOnlyForDeploymentPostprocessing = 1;
		};
		7214116E24432A9D0007D97A /* CopyFiles */ = {
			isa = PBXCopyFilesBuildPhase;
			buildActionMask = 2147483647;
			dstPath = /usr/share/man/man1/;
			dstSubfolderSpec = 0;
			files = (
			);
			runOnlyForDeploymentPostprocessing = 1;
		};
		721411792444D2430007D97A /* CopyFiles */ = {
			isa = PBXCopyFilesBuildPhase;
			buildActionMask = 2147483647;
			dstPath = /usr/share/man/man1/;
			dstSubfolderSpec = 0;
			files = (
			);
			runOnlyForDeploymentPostprocessing = 1;
		};
		72141189244624280007D97A /* CopyFiles */ = {
			isa = PBXCopyFilesBuildPhase;
			buildActionMask = 2147483647;
			dstPath = /usr/share/man/man1/;
			dstSubfolderSpec = 0;
			files = (
			);
			runOnlyForDeploymentPostprocessing = 1;
		};
		72141194244628560007D97A /* CopyFiles */ = {
			isa = PBXCopyFilesBuildPhase;
			buildActionMask = 2147483647;
			dstPath = /usr/share/man/man1/;
			dstSubfolderSpec = 0;
			files = (
			);
			runOnlyForDeploymentPostprocessing = 1;
		};
		721AED2F2441CE590034523E /* CopyFiles */ = {
			isa = PBXCopyFilesBuildPhase;
			buildActionMask = 2147483647;
			dstPath = /usr/share/man/man1/;
			dstSubfolderSpec = 0;
			files = (
			);
			runOnlyForDeploymentPostprocessing = 1;
		};
		727554242448A00500E3595A /* CopyFiles */ = {
			isa = PBXCopyFilesBuildPhase;
			buildActionMask = 2147483647;
			dstPath = /usr/share/man/man1/;
			dstSubfolderSpec = 0;
			files = (
			);
			runOnlyForDeploymentPostprocessing = 1;
		};
		7275542F2448AB4300E3595A /* CopyFiles */ = {
			isa = PBXCopyFilesBuildPhase;
			buildActionMask = 2147483647;
			dstPath = /usr/share/man/man1/;
			dstSubfolderSpec = 0;
			files = (
			);
			runOnlyForDeploymentPostprocessing = 1;
		};
		72755443244A2D5900E3595A /* CopyFiles */ = {
			isa = PBXCopyFilesBuildPhase;
			buildActionMask = 2147483647;
			dstPath = /usr/share/man/man1/;
			dstSubfolderSpec = 0;
			files = (
			);
			runOnlyForDeploymentPostprocessing = 1;
		};
		72B6B741244CA2CF00454284 /* CopyFiles */ = {
			isa = PBXCopyFilesBuildPhase;
			buildActionMask = 2147483647;
			dstPath = /usr/share/man/man1/;
			dstSubfolderSpec = 0;
			files = (
			);
			runOnlyForDeploymentPostprocessing = 1;
		};
		72B6B74E244DF8EA00454284 /* CopyFiles */ = {
			isa = PBXCopyFilesBuildPhase;
			buildActionMask = 2147483647;
			dstPath = /usr/share/man/man1/;
			dstSubfolderSpec = 0;
			files = (
			);
			runOnlyForDeploymentPostprocessing = 1;
		};
		72B6B75B244E02DA00454284 /* CopyFiles */ = {
			isa = PBXCopyFilesBuildPhase;
			buildActionMask = 2147483647;
			dstPath = /usr/share/man/man1/;
			dstSubfolderSpec = 0;
			files = (
			);
			runOnlyForDeploymentPostprocessing = 1;
		};
		72B6B771244E0C9C00454284 /* CopyFiles */ = {
			isa = PBXCopyFilesBuildPhase;
			buildActionMask = 2147483647;
			dstPath = /usr/share/man/man1/;
			dstSubfolderSpec = 0;
			files = (
			);
			runOnlyForDeploymentPostprocessing = 1;
		};
		72B6B77C244E104B00454284 /* CopyFiles */ = {
			isa = PBXCopyFilesBuildPhase;
			buildActionMask = 2147483647;
			dstPath = /usr/share/man/man1/;
			dstSubfolderSpec = 0;
			files = (
			);
			runOnlyForDeploymentPostprocessing = 1;
		};
/* End PBXCopyFilesBuildPhase section */

/* Begin PBXFileReference section */
		721411652441CF370007D97A /* 函数重载 */ = {isa = PBXFileReference; explicitFileType = "compiled.mach-o.executable"; includeInIndex = 0; path = "函数重载"; sourceTree = BUILT_PRODUCTS_DIR; };
		721411672441CF370007D97A /* main.cpp */ = {isa = PBXFileReference; lastKnownFileType = sourcecode.cpp.cpp; path = main.cpp; sourceTree = "<group>"; };
		7214117024432A9D0007D97A /* 函数默认参数 */ = {isa = PBXFileReference; explicitFileType = "compiled.mach-o.executable"; includeInIndex = 0; path = "函数默认参数"; sourceTree = BUILT_PRODUCTS_DIR; };
		7214117224432A9D0007D97A /* main.cpp */ = {isa = PBXFileReference; lastKnownFileType = sourcecode.cpp.cpp; path = main.cpp; sourceTree = "<group>"; };
		7214117B2444D2430007D97A /* extern_C */ = {isa = PBXFileReference; explicitFileType = "compiled.mach-o.executable"; includeInIndex = 0; path = extern_C; sourceTree = BUILT_PRODUCTS_DIR; };
		7214117D2444D2440007D97A /* main.cpp */ = {isa = PBXFileReference; lastKnownFileType = sourcecode.cpp.cpp; path = main.cpp; sourceTree = "<group>"; };
		721411822444D6870007D97A /* math.h */ = {isa = PBXFileReference; lastKnownFileType = sourcecode.c.h; path = math.h; sourceTree = "<group>"; };
		721411832444D6870007D97A /* math.c */ = {isa = PBXFileReference; lastKnownFileType = sourcecode.c.c; path = math.c; sourceTree = "<group>"; };
		721411852444DD130007D97A /* test.c */ = {isa = PBXFileReference; lastKnownFileType = sourcecode.c.c; path = test.c; sourceTree = "<group>"; };
		7214118B244624280007D97A /* 内联函数 */ = {isa = PBXFileReference; explicitFileType = "compiled.mach-o.executable"; includeInIndex = 0; path = "内联函数"; sourceTree = BUILT_PRODUCTS_DIR; };
		7214118D244624280007D97A /* main.cpp */ = {isa = PBXFileReference; lastKnownFileType = sourcecode.cpp.cpp; path = main.cpp; sourceTree = "<group>"; };
		72141196244628560007D97A /* 给表达式赋值 */ = {isa = PBXFileReference; explicitFileType = "compiled.mach-o.executable"; includeInIndex = 0; path = "给表达式赋值"; sourceTree = BUILT_PRODUCTS_DIR; };
		72141198244628560007D97A /* main.cpp */ = {isa = PBXFileReference; lastKnownFileType = sourcecode.cpp.cpp; path = main.cpp; sourceTree = "<group>"; };
		721AED312441CE590034523E /* 输入输出 */ = {isa = PBXFileReference; explicitFileType = "compiled.mach-o.executable"; includeInIndex = 0; path = "输入输出"; sourceTree = BUILT_PRODUCTS_DIR; };
		721AED332441CE590034523E /* main.cpp */ = {isa = PBXFileReference; lastKnownFileType = sourcecode.cpp.cpp; path = main.cpp; sourceTree = "<group>"; };
		727554262448A00500E3595A /* const */ = {isa = PBXFileReference; explicitFileType = "compiled.mach-o.executable"; includeInIndex = 0; path = const; sourceTree = BUILT_PRODUCTS_DIR; };
		727554282448A00500E3595A /* main.cpp */ = {isa = PBXFileReference; lastKnownFileType = sourcecode.cpp.cpp; path = main.cpp; sourceTree = "<group>"; };
		727554312448AB4300E3595A /* 引用 */ = {isa = PBXFileReference; explicitFileType = "compiled.mach-o.executable"; includeInIndex = 0; path = "引用"; sourceTree = BUILT_PRODUCTS_DIR; };
		727554332448AB4300E3595A /* main.cpp */ = {isa = PBXFileReference; lastKnownFileType = sourcecode.cpp.cpp; path = main.cpp; sourceTree = "<group>"; };
		72755445244A2D5900E3595A /* 汇编 */ = {isa = PBXFileReference; explicitFileType = "compiled.mach-o.executable"; includeInIndex = 0; path = "汇编"; sourceTree = BUILT_PRODUCTS_DIR; };
		72755447244A2D5A00E3595A /* main.cpp */ = {isa = PBXFileReference; lastKnownFileType = sourcecode.cpp.cpp; path = main.cpp; sourceTree = "<group>"; };
		72B6B743244CA2CF00454284 /* 面向对象-类和对象 */ = {isa = PBXFileReference; explicitFileType = "compiled.mach-o.executable"; includeInIndex = 0; path = "面向对象-类和对象"; sourceTree = BUILT_PRODUCTS_DIR; };
		72B6B74A244CA2EF00454284 /* main.cpp */ = {isa = PBXFileReference; lastKnownFileType = sourcecode.cpp.cpp; path = main.cpp; sourceTree = "<group>"; };
		72B6B750244DF8EA00454284 /* 对象的内存管理 */ = {isa = PBXFileReference; explicitFileType = "compiled.mach-o.executable"; includeInIndex = 0; path = "对象的内存管理"; sourceTree = BUILT_PRODUCTS_DIR; };
		72B6B757244DF8FF00454284 /* main.cpp */ = {isa = PBXFileReference; lastKnownFileType = sourcecode.cpp.cpp; path = main.cpp; sourceTree = "<group>"; };
		72B6B75D244E02DA00454284 /* 构造函数 */ = {isa = PBXFileReference; explicitFileType = "compiled.mach-o.executable"; includeInIndex = 0; path = "构造函数"; sourceTree = BUILT_PRODUCTS_DIR; };
		72B6B75F244E02DA00454284 /* main.cpp */ = {isa = PBXFileReference; lastKnownFileType = sourcecode.cpp.cpp; path = main.cpp; sourceTree = "<group>"; };
		72B6B773244E0C9C00454284 /* 对象成员变量的初始化 */ = {isa = PBXFileReference; explicitFileType = "compiled.mach-o.executable"; includeInIndex = 0; path = "对象成员变量的初始化"; sourceTree = BUILT_PRODUCTS_DIR; };
		72B6B775244E0C9C00454284 /* main.cpp */ = {isa = PBXFileReference; lastKnownFileType = sourcecode.cpp.cpp; path = main.cpp; sourceTree = "<group>"; };
		72B6B77E244E104B00454284 /* 析构函数 */ = {isa = PBXFileReference; explicitFileType = "compiled.mach-o.executable"; includeInIndex = 0; path = "析构函数"; sourceTree = BUILT_PRODUCTS_DIR; };
		72B6B780244E104B00454284 /* main.cpp */ = {isa = PBXFileReference; lastKnownFileType = sourcecode.cpp.cpp; path = main.cpp; sourceTree = "<group>"; };
/* End PBXFileReference section */

/* Begin PBXFrameworksBuildPhase section */
		721411622441CF370007D97A /* Frameworks */ = {
			isa = PBXFrameworksBuildPhase;
			buildActionMask = 2147483647;
			files = (
			);
			runOnlyForDeploymentPostprocessing = 0;
		};
		7214116D24432A9D0007D97A /* Frameworks */ = {
			isa = PBXFrameworksBuildPhase;
			buildActionMask = 2147483647;
			files = (
			);
			runOnlyForDeploymentPostprocessing = 0;
		};
		721411782444D2430007D97A /* Frameworks */ = {
			isa = PBXFrameworksBuildPhase;
			buildActionMask = 2147483647;
			files = (
			);
			runOnlyForDeploymentPostprocessing = 0;
		};
		72141188244624280007D97A /* Frameworks */ = {
			isa = PBXFrameworksBuildPhase;
			buildActionMask = 2147483647;
			files = (
			);
			runOnlyForDeploymentPostprocessing = 0;
		};
		72141193244628560007D97A /* Frameworks */ = {
			isa = PBXFrameworksBuildPhase;
			buildActionMask = 2147483647;
			files = (
			);
			runOnlyForDeploymentPostprocessing = 0;
		};
		721AED2E2441CE590034523E /* Frameworks */ = {
			isa = PBXFrameworksBuildPhase;
			buildActionMask = 2147483647;
			files = (
			);
			runOnlyForDeploymentPostprocessing = 0;
		};
		727554232448A00500E3595A /* Frameworks */ = {
			isa = PBXFrameworksBuildPhase;
			buildActionMask = 2147483647;
			files = (
			);
			runOnlyForDeploymentPostprocessing = 0;
		};
		7275542E2448AB4300E3595A /* Frameworks */ = {
			isa = PBXFrameworksBuildPhase;
			buildActionMask = 2147483647;
			files = (
			);
			runOnlyForDeploymentPostprocessing = 0;
		};
		72755442244A2D5900E3595A /* Frameworks */ = {
			isa = PBXFrameworksBuildPhase;
			buildActionMask = 2147483647;
			files = (
			);
			runOnlyForDeploymentPostprocessing = 0;
		};
		72B6B740244CA2CF00454284 /* Frameworks */ = {
			isa = PBXFrameworksBuildPhase;
			buildActionMask = 2147483647;
			files = (
			);
			runOnlyForDeploymentPostprocessing = 0;
		};
		72B6B74D244DF8EA00454284 /* Frameworks */ = {
			isa = PBXFrameworksBuildPhase;
			buildActionMask = 2147483647;
			files = (
			);
			runOnlyForDeploymentPostprocessing = 0;
		};
		72B6B75A244E02DA00454284 /* Frameworks */ = {
			isa = PBXFrameworksBuildPhase;
			buildActionMask = 2147483647;
			files = (
			);
			runOnlyForDeploymentPostprocessing = 0;
		};
		72B6B770244E0C9C00454284 /* Frameworks */ = {
			isa = PBXFrameworksBuildPhase;
			buildActionMask = 2147483647;
			files = (
			);
			runOnlyForDeploymentPostprocessing = 0;
		};
		72B6B77B244E104B00454284 /* Frameworks */ = {
			isa = PBXFrameworksBuildPhase;
			buildActionMask = 2147483647;
			files = (
			);
			runOnlyForDeploymentPostprocessing = 0;
		};
/* End PBXFrameworksBuildPhase section */

/* Begin PBXGroup section */
		721411662441CF370007D97A /* 函数重载 */ = {
			isa = PBXGroup;
			children = (
				721411672441CF370007D97A /* main.cpp */,
			);
			path = "函数重载";
			sourceTree = "<group>";
		};
		7214117124432A9D0007D97A /* 函数默认参数 */ = {
			isa = PBXGroup;
			children = (
				7214117224432A9D0007D97A /* main.cpp */,
			);
			path = "函数默认参数";
			sourceTree = "<group>";
		};
		7214117C2444D2440007D97A /* extern_C */ = {
			isa = PBXGroup;
			children = (
				7214117D2444D2440007D97A /* main.cpp */,
				721411822444D6870007D97A /* math.h */,
				721411832444D6870007D97A /* math.c */,
				721411852444DD130007D97A /* test.c */,
			);
			path = extern_C;
			sourceTree = "<group>";
		};
		7214118C244624280007D97A /* 内联函数 */ = {
			isa = PBXGroup;
			children = (
				7214118D244624280007D97A /* main.cpp */,
			);
			path = "内联函数";
			sourceTree = "<group>";
		};
		72141197244628560007D97A /* 给表达式赋值 */ = {
			isa = PBXGroup;
			children = (
				72141198244628560007D97A /* main.cpp */,
			);
			path = "给表达式赋值";
			sourceTree = "<group>";
		};
		721AED0D2441CBCA0034523E = {
			isa = PBXGroup;
			children = (
				721AED322441CE590034523E /* 输入输出 */,
				721411662441CF370007D97A /* 函数重载 */,
				7214117124432A9D0007D97A /* 函数默认参数 */,
				7214117C2444D2440007D97A /* extern_C */,
				7214118C244624280007D97A /* 内联函数 */,
				72141197244628560007D97A /* 给表达式赋值 */,
				727554272448A00500E3595A /* const */,
				727554322448AB4300E3595A /* 引用 */,
				72755446244A2D5A00E3595A /* 汇编 */,
				72B6B744244CA2CF00454284 /* 面向对象-类和对象 */,
				72B6B751244DF8EA00454284 /* 对象的内存管理 */,
				72B6B75E244E02DA00454284 /* 构造函数 */,
				72B6B774244E0C9C00454284 /* 对象成员变量的初始化 */,
				72B6B77F244E104B00454284 /* 析构函数 */,
				721AED172441CBCB0034523E /* Products */,
			);
			sourceTree = "<group>";
		};
		721AED172441CBCB0034523E /* Products */ = {
			isa = PBXGroup;
			children = (
				721AED312441CE590034523E /* 输入输出 */,
				721411652441CF370007D97A /* 函数重载 */,
				7214117024432A9D0007D97A /* 函数默认参数 */,
				7214117B2444D2430007D97A /* extern_C */,
				7214118B244624280007D97A /* 内联函数 */,
				72141196244628560007D97A /* 给表达式赋值 */,
				727554262448A00500E3595A /* const */,
				727554312448AB4300E3595A /* 引用 */,
				72755445244A2D5900E3595A /* 汇编 */,
				72B6B743244CA2CF00454284 /* 面向对象-类和对象 */,
				72B6B750244DF8EA00454284 /* 对象的内存管理 */,
				72B6B75D244E02DA00454284 /* 构造函数 */,
				72B6B773244E0C9C00454284 /* 对象成员变量的初始化 */,
				72B6B77E244E104B00454284 /* 析构函数 */,
			);
			name = Products;
			sourceTree = "<group>";
		};
		721AED322441CE590034523E /* 输入输出 */ = {
			isa = PBXGroup;
			children = (
				721AED332441CE590034523E /* main.cpp */,
			);
			path = "输入输出";
			sourceTree = "<group>";
		};
		727554272448A00500E3595A /* const */ = {
			isa = PBXGroup;
			children = (
				727554282448A00500E3595A /* main.cpp */,
			);
			path = const;
			sourceTree = "<group>";
		};
		727554322448AB4300E3595A /* 引用 */ = {
			isa = PBXGroup;
			children = (
				727554332448AB4300E3595A /* main.cpp */,
			);
			path = "引用";
			sourceTree = "<group>";
		};
		72755446244A2D5A00E3595A /* 汇编 */ = {
			isa = PBXGroup;
			children = (
				72755447244A2D5A00E3595A /* main.cpp */,
			);
			path = "汇编";
			sourceTree = "<group>";
		};
		72B6B744244CA2CF00454284 /* 面向对象-类和对象 */ = {
			isa = PBXGroup;
			children = (
				72B6B74A244CA2EF00454284 /* main.cpp */,
			);
			path = "面向对象-类和对象";
			sourceTree = "<group>";
		};
		72B6B751244DF8EA00454284 /* 对象的内存管理 */ = {
			isa = PBXGroup;
			children = (
				72B6B757244DF8FF00454284 /* main.cpp */,
			);
			path = "对象的内存管理";
			sourceTree = "<group>";
		};
		72B6B75E244E02DA00454284 /* 构造函数 */ = {
			isa = PBXGroup;
			children = (
				72B6B75F244E02DA00454284 /* main.cpp */,
			);
			path = "构造函数";
			sourceTree = "<group>";
		};
		72B6B774244E0C9C00454284 /* 对象成员变量的初始化 */ = {
			isa = PBXGroup;
			children = (
				72B6B775244E0C9C00454284 /* main.cpp */,
			);
			path = "对象成员变量的初始化";
			sourceTree = "<group>";
		};
		72B6B77F244E104B00454284 /* 析构函数 */ = {
			isa = PBXGroup;
			children = (
				72B6B780244E104B00454284 /* main.cpp */,
			);
			path = "析构函数";
			sourceTree = "<group>";
		};
/* End PBXGroup section */

/* Begin PBXNativeTarget section */
		721411642441CF370007D97A /* 函数重载 */ = {
			isa = PBXNativeTarget;
			buildConfigurationList = 721411692441CF370007D97A /* Build configuration list for PBXNativeTarget "函数重载" */;
			buildPhases = (
				721411612441CF370007D97A /* Sources */,
				721411622441CF370007D97A /* Frameworks */,
				721411632441CF370007D97A /* CopyFiles */,
			);
			buildRules = (
			);
			dependencies = (
			);
			name = "函数重载";
			productName = "函数重载";
			productReference = 721411652441CF370007D97A /* 函数重载 */;
			productType = "com.apple.product-type.tool";
		};
		7214116F24432A9D0007D97A /* 函数默认参数 */ = {
			isa = PBXNativeTarget;
			buildConfigurationList = 7214117624432A9D0007D97A /* Build configuration list for PBXNativeTarget "函数默认参数" */;
			buildPhases = (
				7214116C24432A9D0007D97A /* Sources */,
				7214116D24432A9D0007D97A /* Frameworks */,
				7214116E24432A9D0007D97A /* CopyFiles */,
			);
			buildRules = (
			);
			dependencies = (
			);
			name = "函数默认参数";
			productName = "函数默认参数";
			productReference = 7214117024432A9D0007D97A /* 函数默认参数 */;
			productType = "com.apple.product-type.tool";
		};
		7214117A2444D2430007D97A /* extern_C */ = {
			isa = PBXNativeTarget;
			buildConfigurationList = 7214117F2444D2440007D97A /* Build configuration list for PBXNativeTarget "extern_C" */;
			buildPhases = (
				721411772444D2430007D97A /* Sources */,
				721411782444D2430007D97A /* Frameworks */,
				721411792444D2430007D97A /* CopyFiles */,
			);
			buildRules = (
			);
			dependencies = (
			);
			name = extern_C;
			productName = "extern c";
			productReference = 7214117B2444D2430007D97A /* extern_C */;
			productType = "com.apple.product-type.tool";
		};
		7214118A244624280007D97A /* 内联函数 */ = {
			isa = PBXNativeTarget;
			buildConfigurationList = 7214118F244624280007D97A /* Build configuration list for PBXNativeTarget "内联函数" */;
			buildPhases = (
				72141187244624280007D97A /* Sources */,
				72141188244624280007D97A /* Frameworks */,
				72141189244624280007D97A /* CopyFiles */,
			);
			buildRules = (
			);
			dependencies = (
			);
			name = "内联函数";
			productName = "内联函数";
			productReference = 7214118B244624280007D97A /* 内联函数 */;
			productType = "com.apple.product-type.tool";
		};
		72141195244628560007D97A /* 给表达式赋值 */ = {
			isa = PBXNativeTarget;
			buildConfigurationList = 7214119A244628560007D97A /* Build configuration list for PBXNativeTarget "给表达式赋值" */;
			buildPhases = (
				72141192244628560007D97A /* Sources */,
				72141193244628560007D97A /* Frameworks */,
				72141194244628560007D97A /* CopyFiles */,
			);
			buildRules = (
			);
			dependencies = (
			);
			name = "给表达式赋值";
			productName = "给表达式赋值";
			productReference = 72141196244628560007D97A /* 给表达式赋值 */;
			productType = "com.apple.product-type.tool";
		};
		721AED302441CE590034523E /* 输入输出 */ = {
			isa = PBXNativeTarget;
			buildConfigurationList = 721AED352441CE590034523E /* Build configuration list for PBXNativeTarget "输入输出" */;
			buildPhases = (
				721AED2D2441CE590034523E /* Sources */,
				721AED2E2441CE590034523E /* Frameworks */,
				721AED2F2441CE590034523E /* CopyFiles */,
			);
			buildRules = (
			);
			dependencies = (
			);
			name = "输入输出";
			productName = "输入输出";
			productReference = 721AED312441CE590034523E /* 输入输出 */;
			productType = "com.apple.product-type.tool";
		};
		727554252448A00500E3595A /* const */ = {
			isa = PBXNativeTarget;
			buildConfigurationList = 7275542C2448A00500E3595A /* Build configuration list for PBXNativeTarget "const" */;
			buildPhases = (
				727554222448A00500E3595A /* Sources */,
				727554232448A00500E3595A /* Frameworks */,
				727554242448A00500E3595A /* CopyFiles */,
			);
			buildRules = (
			);
			dependencies = (
			);
			name = const;
			productName = const;
			productReference = 727554262448A00500E3595A /* const */;
			productType = "com.apple.product-type.tool";
		};
		727554302448AB4300E3595A /* 引用 */ = {
			isa = PBXNativeTarget;
			buildConfigurationList = 727554352448AB4300E3595A /* Build configuration list for PBXNativeTarget "引用" */;
			buildPhases = (
				7275542D2448AB4300E3595A /* Sources */,
				7275542E2448AB4300E3595A /* Frameworks */,
				7275542F2448AB4300E3595A /* CopyFiles */,
			);
			buildRules = (
			);
			dependencies = (
			);
			name = "引用";
			productName = "引用";
			productReference = 727554312448AB4300E3595A /* 引用 */;
			productType = "com.apple.product-type.tool";
		};
		72755444244A2D5900E3595A /* 汇编 */ = {
			isa = PBXNativeTarget;
			buildConfigurationList = 72755449244A2D5A00E3595A /* Build configuration list for PBXNativeTarget "汇编" */;
			buildPhases = (
				72755441244A2D5900E3595A /* Sources */,
				72755442244A2D5900E3595A /* Frameworks */,
				72755443244A2D5900E3595A /* CopyFiles */,
			);
			buildRules = (
			);
			dependencies = (
			);
			name = "汇编";
			productName = "汇编";
			productReference = 72755445244A2D5900E3595A /* 汇编 */;
			productType = "com.apple.product-type.tool";
		};
		72B6B742244CA2CF00454284 /* 面向对象-类和对象 */ = {
			isa = PBXNativeTarget;
			buildConfigurationList = 72B6B747244CA2CF00454284 /* Build configuration list for PBXNativeTarget "面向对象-类和对象" */;
			buildPhases = (
				72B6B73F244CA2CF00454284 /* Sources */,
				72B6B740244CA2CF00454284 /* Frameworks */,
				72B6B741244CA2CF00454284 /* CopyFiles */,
			);
			buildRules = (
			);
			dependencies = (
			);
			name = "面向对象-类和对象";
			productName = "面向对象-类和对象";
			productReference = 72B6B743244CA2CF00454284 /* 面向对象-类和对象 */;
			productType = "com.apple.product-type.tool";
		};
		72B6B74F244DF8EA00454284 /* 对象的内存管理 */ = {
			isa = PBXNativeTarget;
			buildConfigurationList = 72B6B756244DF8EA00454284 /* Build configuration list for PBXNativeTarget "对象的内存管理" */;
			buildPhases = (
				72B6B74C244DF8EA00454284 /* Sources */,
				72B6B74D244DF8EA00454284 /* Frameworks */,
				72B6B74E244DF8EA00454284 /* CopyFiles */,
			);
			buildRules = (
			);
			dependencies = (
			);
			name = "对象的内存管理";
			productName = "对象的内存管理";
			productReference = 72B6B750244DF8EA00454284 /* 对象的内存管理 */;
			productType = "com.apple.product-type.tool";
		};
		72B6B75C244E02DA00454284 /* 构造函数 */ = {
			isa = PBXNativeTarget;
			buildConfigurationList = 72B6B761244E02DA00454284 /* Build configuration list for PBXNativeTarget "构造函数" */;
			buildPhases = (
				72B6B759244E02DA00454284 /* Sources */,
				72B6B75A244E02DA00454284 /* Frameworks */,
				72B6B75B244E02DA00454284 /* CopyFiles */,
			);
			buildRules = (
			);
			dependencies = (
			);
			name = "构造函数";
			productName = "构造函数";
			productReference = 72B6B75D244E02DA00454284 /* 构造函数 */;
			productType = "com.apple.product-type.tool";
		};
		72B6B772244E0C9C00454284 /* 对象成员变量的初始化 */ = {
			isa = PBXNativeTarget;
			buildConfigurationList = 72B6B777244E0C9C00454284 /* Build configuration list for PBXNativeTarget "对象成员变量的初始化" */;
			buildPhases = (
				72B6B76F244E0C9C00454284 /* Sources */,
				72B6B770244E0C9C00454284 /* Frameworks */,
				72B6B771244E0C9C00454284 /* CopyFiles */,
			);
			buildRules = (
			);
			dependencies = (
			);
			name = "对象成员变量的初始化";
			productName = "对象属性的初始化";
			productReference = 72B6B773244E0C9C00454284 /* 对象成员变量的初始化 */;
			productType = "com.apple.product-type.tool";
		};
		72B6B77D244E104B00454284 /* 析构函数 */ = {
			isa = PBXNativeTarget;
			buildConfigurationList = 72B6B784244E104B00454284 /* Build configuration list for PBXNativeTarget "析构函数" */;
			buildPhases = (
				72B6B77A244E104B00454284 /* Sources */,
				72B6B77B244E104B00454284 /* Frameworks */,
				72B6B77C244E104B00454284 /* CopyFiles */,
			);
			buildRules = (
			);
			dependencies = (
			);
			name = "析构函数";
			productName = "析构函数";
			productReference = 72B6B77E244E104B00454284 /* 析构函数 */;
			productType = "com.apple.product-type.tool";
		};
/* End PBXNativeTarget section */

/* Begin PBXProject section */
		721AED0E2441CBCB0034523E /* Project object */ = {
			isa = PBXProject;
			attributes = {
				LastUpgradeCheck = 1140;
				ORGANIZATIONNAME = "蔡浩浩";
				TargetAttributes = {
					721411642441CF370007D97A = {
						CreatedOnToolsVersion = 11.4;
					};
					7214116F24432A9D0007D97A = {
						CreatedOnToolsVersion = 11.4;
					};
					7214117A2444D2430007D97A = {
						CreatedOnToolsVersion = 11.4;
					};
					7214118A244624280007D97A = {
						CreatedOnToolsVersion = 11.4;
					};
					72141195244628560007D97A = {
						CreatedOnToolsVersion = 11.4;
					};
					721AED302441CE590034523E = {
						CreatedOnToolsVersion = 11.4;
					};
					727554252448A00500E3595A = {
						CreatedOnToolsVersion = 11.4;
					};
					727554302448AB4300E3595A = {
						CreatedOnToolsVersion = 11.4;
					};
					72755444244A2D5900E3595A = {
						CreatedOnToolsVersion = 11.4;
					};
					72B6B742244CA2CF00454284 = {
						CreatedOnToolsVersion = 11.4;
					};
					72B6B74F244DF8EA00454284 = {
						CreatedOnToolsVersion = 11.4;
					};
					72B6B75C244E02DA00454284 = {
						CreatedOnToolsVersion = 11.4;
					};
					72B6B772244E0C9C00454284 = {
						CreatedOnToolsVersion = 11.4;
					};
					72B6B77D244E104B00454284 = {
						CreatedOnToolsVersion = 11.4;
					};
				};
			};
			buildConfigurationList = 721AED112441CBCB0034523E /* Build configuration list for PBXProject "cpp_project" */;
			compatibilityVersion = "Xcode 9.3";
			developmentRegion = en;
			hasScannedForEncodings = 0;
			knownRegions = (
				en,
				Base,
			);
			mainGroup = 721AED0D2441CBCA0034523E;
			productRefGroup = 721AED172441CBCB0034523E /* Products */;
			projectDirPath = "";
			projectRoot = "";
			targets = (
				721AED302441CE590034523E /* 输入输出 */,
				721411642441CF370007D97A /* 函数重载 */,
				7214116F24432A9D0007D97A /* 函数默认参数 */,
				7214117A2444D2430007D97A /* extern_C */,
				7214118A244624280007D97A /* 内联函数 */,
				72141195244628560007D97A /* 给表达式赋值 */,
				727554252448A00500E3595A /* const */,
				727554302448AB4300E3595A /* 引用 */,
				72755444244A2D5900E3595A /* 汇编 */,
				72B6B742244CA2CF00454284 /* 面向对象-类和对象 */,
				72B6B74F244DF8EA00454284 /* 对象的内存管理 */,
				72B6B75C244E02DA00454284 /* 构造函数 */,
				72B6B772244E0C9C00454284 /* 对象成员变量的初始化 */,
				72B6B77D244E104B00454284 /* 析构函数 */,
			);
		};
/* End PBXProject section */

/* Begin PBXSourcesBuildPhase section */
		721411612441CF370007D97A /* Sources */ = {
			isa = PBXSourcesBuildPhase;
			buildActionMask = 2147483647;
			files = (
				721411682441CF370007D97A /* main.cpp in Sources */,
			);
			runOnlyForDeploymentPostprocessing = 0;
		};
		7214116C24432A9D0007D97A /* Sources */ = {
			isa = PBXSourcesBuildPhase;
			buildActionMask = 2147483647;
			files = (
				7214117324432A9D0007D97A /* main.cpp in Sources */,
			);
			runOnlyForDeploymentPostprocessing = 0;
		};
		721411772444D2430007D97A /* Sources */ = {
			isa = PBXSourcesBuildPhase;
			buildActionMask = 2147483647;
			files = (
				721411862444DD130007D97A /* test.c in Sources */,
				7214117E2444D2440007D97A /* main.cpp in Sources */,
				721411842444D6870007D97A /* math.c in Sources */,
			);
			runOnlyForDeploymentPostprocessing = 0;
		};
		72141187244624280007D97A /* Sources */ = {
			isa = PBXSourcesBuildPhase;
			buildActionMask = 2147483647;
			files = (
				7214118E244624280007D97A /* main.cpp in Sources */,
			);
			runOnlyForDeploymentPostprocessing = 0;
		};
		72141192244628560007D97A /* Sources */ = {
			isa = PBXSourcesBuildPhase;
			buildActionMask = 2147483647;
			files = (
				72141199244628560007D97A /* main.cpp in Sources */,
			);
			runOnlyForDeploymentPostprocessing = 0;
		};
		721AED2D2441CE590034523E /* Sources */ = {
			isa = PBXSourcesBuildPhase;
			buildActionMask = 2147483647;
			files = (
				721AED342441CE590034523E /* main.cpp in Sources */,
			);
			runOnlyForDeploymentPostprocessing = 0;
		};
		727554222448A00500E3595A /* Sources */ = {
			isa = PBXSourcesBuildPhase;
			buildActionMask = 2147483647;
			files = (
				727554292448A00500E3595A /* main.cpp in Sources */,
			);
			runOnlyForDeploymentPostprocessing = 0;
		};
		7275542D2448AB4300E3595A /* Sources */ = {
			isa = PBXSourcesBuildPhase;
			buildActionMask = 2147483647;
			files = (
				727554342448AB4300E3595A /* main.cpp in Sources */,
			);
			runOnlyForDeploymentPostprocessing = 0;
		};
		72755441244A2D5900E3595A /* Sources */ = {
			isa = PBXSourcesBuildPhase;
			buildActionMask = 2147483647;
			files = (
				72755448244A2D5A00E3595A /* main.cpp in Sources */,
			);
			runOnlyForDeploymentPostprocessing = 0;
		};
		72B6B73F244CA2CF00454284 /* Sources */ = {
			isa = PBXSourcesBuildPhase;
			buildActionMask = 2147483647;
			files = (
				72B6B74B244CA2EF00454284 /* main.cpp in Sources */,
			);
			runOnlyForDeploymentPostprocessing = 0;
		};
		72B6B74C244DF8EA00454284 /* Sources */ = {
			isa = PBXSourcesBuildPhase;
			buildActionMask = 2147483647;
			files = (
				72B6B758244DF8FF00454284 /* main.cpp in Sources */,
			);
			runOnlyForDeploymentPostprocessing = 0;
		};
		72B6B759244E02DA00454284 /* Sources */ = {
			isa = PBXSourcesBuildPhase;
			buildActionMask = 2147483647;
			files = (
				72B6B760244E02DA00454284 /* main.cpp in Sources */,
			);
			runOnlyForDeploymentPostprocessing = 0;
		};
		72B6B76F244E0C9C00454284 /* Sources */ = {
			isa = PBXSourcesBuildPhase;
			buildActionMask = 2147483647;
			files = (
				72B6B776244E0C9C00454284 /* main.cpp in Sources */,
			);
			runOnlyForDeploymentPostprocessing = 0;
		};
		72B6B77A244E104B00454284 /* Sources */ = {
			isa = PBXSourcesBuildPhase;
			buildActionMask = 2147483647;
			files = (
				72B6B781244E104B00454284 /* main.cpp in Sources */,
			);
			runOnlyForDeploymentPostprocessing = 0;
		};
/* End PBXSourcesBuildPhase section */

/* Begin XCBuildConfiguration section */
		7214116A2441CF370007D97A /* Debug */ = {
			isa = XCBuildConfiguration;
			buildSettings = {
				CODE_SIGN_STYLE = Automatic;
				PRODUCT_NAME = "$(TARGET_NAME)";
			};
			name = Debug;
		};
		7214116B2441CF370007D97A /* Release */ = {
			isa = XCBuildConfiguration;
			buildSettings = {
				CODE_SIGN_STYLE = Automatic;
				PRODUCT_NAME = "$(TARGET_NAME)";
			};
			name = Release;
		};
		7214117424432A9D0007D97A /* Debug */ = {
			isa = XCBuildConfiguration;
			buildSettings = {
				CODE_SIGN_STYLE = Automatic;
				PRODUCT_NAME = "$(TARGET_NAME)";
			};
			name = Debug;
		};
		7214117524432A9D0007D97A /* Release */ = {
			isa = XCBuildConfiguration;
			buildSettings = {
				CODE_SIGN_STYLE = Automatic;
				PRODUCT_NAME = "$(TARGET_NAME)";
			};
			name = Release;
		};
		721411802444D2440007D97A /* Debug */ = {
			isa = XCBuildConfiguration;
			buildSettings = {
				CODE_SIGN_STYLE = Automatic;
				PRODUCT_NAME = "$(TARGET_NAME)";
			};
			name = Debug;
		};
		721411812444D2440007D97A /* Release */ = {
			isa = XCBuildConfiguration;
			buildSettings = {
				CODE_SIGN_STYLE = Automatic;
				PRODUCT_NAME = "$(TARGET_NAME)";
			};
			name = Release;
		};
		72141190244624280007D97A /* Debug */ = {
			isa = XCBuildConfiguration;
			buildSettings = {
				CODE_SIGN_STYLE = Automatic;
				PRODUCT_NAME = "$(TARGET_NAME)";
			};
			name = Debug;
		};
		72141191244624280007D97A /* Release */ = {
			isa = XCBuildConfiguration;
			buildSettings = {
				CODE_SIGN_STYLE = Automatic;
				PRODUCT_NAME = "$(TARGET_NAME)";
			};
			name = Release;
		};
		7214119B244628560007D97A /* Debug */ = {
			isa = XCBuildConfiguration;
			buildSettings = {
				CODE_SIGN_STYLE = Automatic;
				PRODUCT_NAME = "$(TARGET_NAME)";
			};
			name = Debug;
		};
		7214119C244628560007D97A /* Release */ = {
			isa = XCBuildConfiguration;
			buildSettings = {
				CODE_SIGN_STYLE = Automatic;
				PRODUCT_NAME = "$(TARGET_NAME)";
			};
			name = Release;
		};
		721AED1B2441CBCB0034523E /* Debug */ = {
			isa = XCBuildConfiguration;
			buildSettings = {
				ALWAYS_SEARCH_USER_PATHS = NO;
				CLANG_ANALYZER_NONNULL = YES;
				CLANG_ANALYZER_NUMBER_OBJECT_CONVERSION = YES_AGGRESSIVE;
				CLANG_CXX_LANGUAGE_STANDARD = "gnu++14";
				CLANG_CXX_LIBRARY = "libc++";
				CLANG_ENABLE_MODULES = YES;
				CLANG_ENABLE_OBJC_ARC = YES;
				CLANG_ENABLE_OBJC_WEAK = YES;
				CLANG_WARN_BLOCK_CAPTURE_AUTORELEASING = YES;
				CLANG_WARN_BOOL_CONVERSION = YES;
				CLANG_WARN_COMMA = YES;
				CLANG_WARN_CONSTANT_CONVERSION = YES;
				CLANG_WARN_DEPRECATED_OBJC_IMPLEMENTATIONS = YES;
				CLANG_WARN_DIRECT_OBJC_ISA_USAGE = YES_ERROR;
				CLANG_WARN_DOCUMENTATION_COMMENTS = YES;
				CLANG_WARN_EMPTY_BODY = YES;
				CLANG_WARN_ENUM_CONVERSION = YES;
				CLANG_WARN_INFINITE_RECURSION = YES;
				CLANG_WARN_INT_CONVERSION = YES;
				CLANG_WARN_NON_LITERAL_NULL_CONVERSION = YES;
				CLANG_WARN_OBJC_IMPLICIT_RETAIN_SELF = YES;
				CLANG_WARN_OBJC_LITERAL_CONVERSION = YES;
				CLANG_WARN_OBJC_ROOT_CLASS = YES_ERROR;
				CLANG_WARN_RANGE_LOOP_ANALYSIS = YES;
				CLANG_WARN_STRICT_PROTOTYPES = YES;
				CLANG_WARN_SUSPICIOUS_MOVE = YES;
				CLANG_WARN_UNGUARDED_AVAILABILITY = YES_AGGRESSIVE;
				CLANG_WARN_UNREACHABLE_CODE = YES;
				CLANG_WARN__DUPLICATE_METHOD_MATCH = YES;
				COPY_PHASE_STRIP = NO;
				DEBUG_INFORMATION_FORMAT = dwarf;
				ENABLE_STRICT_OBJC_MSGSEND = YES;
				ENABLE_TESTABILITY = YES;
				GCC_C_LANGUAGE_STANDARD = gnu11;
				GCC_DYNAMIC_NO_PIC = NO;
				GCC_NO_COMMON_BLOCKS = YES;
				GCC_OPTIMIZATION_LEVEL = 0;
				GCC_PREPROCESSOR_DEFINITIONS = (
					"DEBUG=1",
					"$(inherited)",
				);
				GCC_WARN_64_TO_32_BIT_CONVERSION = YES;
				GCC_WARN_ABOUT_RETURN_TYPE = YES_ERROR;
				GCC_WARN_UNDECLARED_SELECTOR = YES;
				GCC_WARN_UNINITIALIZED_AUTOS = YES_AGGRESSIVE;
				GCC_WARN_UNUSED_FUNCTION = YES;
				GCC_WARN_UNUSED_VARIABLE = YES;
				MACOSX_DEPLOYMENT_TARGET = 10.15;
				MTL_ENABLE_DEBUG_INFO = INCLUDE_SOURCE;
				MTL_FAST_MATH = YES;
				ONLY_ACTIVE_ARCH = YES;
				SDKROOT = macosx;
			};
			name = Debug;
		};
		721AED1C2441CBCB0034523E /* Release */ = {
			isa = XCBuildConfiguration;
			buildSettings = {
				ALWAYS_SEARCH_USER_PATHS = NO;
				CLANG_ANALYZER_NONNULL = YES;
				CLANG_ANALYZER_NUMBER_OBJECT_CONVERSION = YES_AGGRESSIVE;
				CLANG_CXX_LANGUAGE_STANDARD = "gnu++14";
				CLANG_CXX_LIBRARY = "libc++";
				CLANG_ENABLE_MODULES = YES;
				CLANG_ENABLE_OBJC_ARC = YES;
				CLANG_ENABLE_OBJC_WEAK = YES;
				CLANG_WARN_BLOCK_CAPTURE_AUTORELEASING = YES;
				CLANG_WARN_BOOL_CONVERSION = YES;
				CLANG_WARN_COMMA = YES;
				CLANG_WARN_CONSTANT_CONVERSION = YES;
				CLANG_WARN_DEPRECATED_OBJC_IMPLEMENTATIONS = YES;
				CLANG_WARN_DIRECT_OBJC_ISA_USAGE = YES_ERROR;
				CLANG_WARN_DOCUMENTATION_COMMENTS = YES;
				CLANG_WARN_EMPTY_BODY = YES;
				CLANG_WARN_ENUM_CONVERSION = YES;
				CLANG_WARN_INFINITE_RECURSION = YES;
				CLANG_WARN_INT_CONVERSION = YES;
				CLANG_WARN_NON_LITERAL_NULL_CONVERSION = YES;
				CLANG_WARN_OBJC_IMPLICIT_RETAIN_SELF = YES;
				CLANG_WARN_OBJC_LITERAL_CONVERSION = YES;
				CLANG_WARN_OBJC_ROOT_CLASS = YES_ERROR;
				CLANG_WARN_RANGE_LOOP_ANALYSIS = YES;
				CLANG_WARN_STRICT_PROTOTYPES = YES;
				CLANG_WARN_SUSPICIOUS_MOVE = YES;
				CLANG_WARN_UNGUARDED_AVAILABILITY = YES_AGGRESSIVE;
				CLANG_WARN_UNREACHABLE_CODE = YES;
				CLANG_WARN__DUPLICATE_METHOD_MATCH = YES;
				COPY_PHASE_STRIP = NO;
				DEBUG_INFORMATION_FORMAT = "dwarf-with-dsym";
				ENABLE_NS_ASSERTIONS = NO;
				ENABLE_STRICT_OBJC_MSGSEND = YES;
				GCC_C_LANGUAGE_STANDARD = gnu11;
				GCC_NO_COMMON_BLOCKS = YES;
				GCC_WARN_64_TO_32_BIT_CONVERSION = YES;
				GCC_WARN_ABOUT_RETURN_TYPE = YES_ERROR;
				GCC_WARN_UNDECLARED_SELECTOR = YES;
				GCC_WARN_UNINITIALIZED_AUTOS = YES_AGGRESSIVE;
				GCC_WARN_UNUSED_FUNCTION = YES;
				GCC_WARN_UNUSED_VARIABLE = YES;
				MACOSX_DEPLOYMENT_TARGET = 10.15;
				MTL_ENABLE_DEBUG_INFO = NO;
				MTL_FAST_MATH = YES;
				SDKROOT = macosx;
			};
			name = Release;
		};
		721AED362441CE590034523E /* Debug */ = {
			isa = XCBuildConfiguration;
			buildSettings = {
				CODE_SIGN_STYLE = Automatic;
				PRODUCT_NAME = "$(TARGET_NAME)";
			};
			name = Debug;
		};
		721AED372441CE590034523E /* Release */ = {
			isa = XCBuildConfiguration;
			buildSettings = {
				CODE_SIGN_STYLE = Automatic;
				PRODUCT_NAME = "$(TARGET_NAME)";
			};
			name = Release;
		};
		7275542A2448A00500E3595A /* Debug */ = {
			isa = XCBuildConfiguration;
			buildSettings = {
				CODE_SIGN_STYLE = Automatic;
				PRODUCT_NAME = "$(TARGET_NAME)";
			};
			name = Debug;
		};
		7275542B2448A00500E3595A /* Release */ = {
			isa = XCBuildConfiguration;
			buildSettings = {
				CODE_SIGN_STYLE = Automatic;
				PRODUCT_NAME = "$(TARGET_NAME)";
			};
			name = Release;
		};
		727554362448AB4300E3595A /* Debug */ = {
			isa = XCBuildConfiguration;
			buildSettings = {
				CODE_SIGN_STYLE = Automatic;
				PRODUCT_NAME = "$(TARGET_NAME)";
			};
			name = Debug;
		};
		727554372448AB4300E3595A /* Release */ = {
			isa = XCBuildConfiguration;
			buildSettings = {
				CODE_SIGN_STYLE = Automatic;
				PRODUCT_NAME = "$(TARGET_NAME)";
			};
			name = Release;
		};
		7275544A244A2D5A00E3595A /* Debug */ = {
			isa = XCBuildConfiguration;
			buildSettings = {
				CODE_SIGN_STYLE = Automatic;
				PRODUCT_NAME = "$(TARGET_NAME)";
			};
			name = Debug;
		};
		7275544B244A2D5A00E3595A /* Release */ = {
			isa = XCBuildConfiguration;
			buildSettings = {
				CODE_SIGN_STYLE = Automatic;
				PRODUCT_NAME = "$(TARGET_NAME)";
			};
			name = Release;
		};
		72B6B748244CA2CF00454284 /* Debug */ = {
			isa = XCBuildConfiguration;
			buildSettings = {
				CODE_SIGN_STYLE = Automatic;
				PRODUCT_NAME = "$(TARGET_NAME)";
			};
			name = Debug;
		};
		72B6B749244CA2CF00454284 /* Release */ = {
			isa = XCBuildConfiguration;
			buildSettings = {
				CODE_SIGN_STYLE = Automatic;
				PRODUCT_NAME = "$(TARGET_NAME)";
			};
			name = Release;
		};
		72B6B754244DF8EA00454284 /* Debug */ = {
			isa = XCBuildConfiguration;
			buildSettings = {
				CODE_SIGN_STYLE = Automatic;
				PRODUCT_NAME = "$(TARGET_NAME)";
			};
			name = Debug;
		};
		72B6B755244DF8EA00454284 /* Release */ = {
			isa = XCBuildConfiguration;
			buildSettings = {
				CODE_SIGN_STYLE = Automatic;
				PRODUCT_NAME = "$(TARGET_NAME)";
			};
			name = Release;
		};
		72B6B762244E02DA00454284 /* Debug */ = {
			isa = XCBuildConfiguration;
			buildSettings = {
				CODE_SIGN_STYLE = Automatic;
				PRODUCT_NAME = "$(TARGET_NAME)";
			};
			name = Debug;
		};
		72B6B763244E02DA00454284 /* Release */ = {
			isa = XCBuildConfiguration;
			buildSettings = {
				CODE_SIGN_STYLE = Automatic;
				PRODUCT_NAME = "$(TARGET_NAME)";
			};
			name = Release;
		};
		72B6B778244E0C9C00454284 /* Debug */ = {
			isa = XCBuildConfiguration;
			buildSettings = {
				CODE_SIGN_STYLE = Automatic;
				PRODUCT_NAME = "$(TARGET_NAME)";
			};
			name = Debug;
		};
		72B6B779244E0C9C00454284 /* Release */ = {
			isa = XCBuildConfiguration;
			buildSettings = {
				CODE_SIGN_STYLE = Automatic;
				PRODUCT_NAME = "$(TARGET_NAME)";
			};
			name = Release;
		};
		72B6B782244E104B00454284 /* Debug */ = {
			isa = XCBuildConfiguration;
			buildSettings = {
				CODE_SIGN_STYLE = Automatic;
				PRODUCT_NAME = "$(TARGET_NAME)";
			};
			name = Debug;
		};
		72B6B783244E104B00454284 /* Release */ = {
			isa = XCBuildConfiguration;
			buildSettings = {
				CODE_SIGN_STYLE = Automatic;
				PRODUCT_NAME = "$(TARGET_NAME)";
			};
			name = Release;
		};
/* End XCBuildConfiguration section */

/* Begin XCConfigurationList section */
		721411692441CF370007D97A /* Build configuration list for PBXNativeTarget "函数重载" */ = {
			isa = XCConfigurationList;
			buildConfigurations = (
				7214116A2441CF370007D97A /* Debug */,
				7214116B2441CF370007D97A /* Release */,
			);
			defaultConfigurationIsVisible = 0;
			defaultConfigurationName = Release;
		};
		7214117624432A9D0007D97A /* Build configuration list for PBXNativeTarget "函数默认参数" */ = {
			isa = XCConfigurationList;
			buildConfigurations = (
				7214117424432A9D0007D97A /* Debug */,
				7214117524432A9D0007D97A /* Release */,
			);
			defaultConfigurationIsVisible = 0;
			defaultConfigurationName = Release;
		};
		7214117F2444D2440007D97A /* Build configuration list for PBXNativeTarget "extern_C" */ = {
			isa = XCConfigurationList;
			buildConfigurations = (
				721411802444D2440007D97A /* Debug */,
				721411812444D2440007D97A /* Release */,
			);
			defaultConfigurationIsVisible = 0;
			defaultConfigurationName = Release;
		};
		7214118F244624280007D97A /* Build configuration list for PBXNativeTarget "内联函数" */ = {
			isa = XCConfigurationList;
			buildConfigurations = (
				72141190244624280007D97A /* Debug */,
				72141191244624280007D97A /* Release */,
			);
			defaultConfigurationIsVisible = 0;
			defaultConfigurationName = Release;
		};
		7214119A244628560007D97A /* Build configuration list for PBXNativeTarget "给表达式赋值" */ = {
			isa = XCConfigurationList;
			buildConfigurations = (
				7214119B244628560007D97A /* Debug */,
				7214119C244628560007D97A /* Release */,
			);
			defaultConfigurationIsVisible = 0;
			defaultConfigurationName = Release;
		};
		721AED112441CBCB0034523E /* Build configuration list for PBXProject "cpp_project" */ = {
			isa = XCConfigurationList;
			buildConfigurations = (
				721AED1B2441CBCB0034523E /* Debug */,
				721AED1C2441CBCB0034523E /* Release */,
			);
			defaultConfigurationIsVisible = 0;
			defaultConfigurationName = Release;
		};
		721AED352441CE590034523E /* Build configuration list for PBXNativeTarget "输入输出" */ = {
			isa = XCConfigurationList;
			buildConfigurations = (
				721AED362441CE590034523E /* Debug */,
				721AED372441CE590034523E /* Release */,
			);
			defaultConfigurationIsVisible = 0;
			defaultConfigurationName = Release;
		};
		7275542C2448A00500E3595A /* Build configuration list for PBXNativeTarget "const" */ = {
			isa = XCConfigurationList;
			buildConfigurations = (
				7275542A2448A00500E3595A /* Debug */,
				7275542B2448A00500E3595A /* Release */,
			);
			defaultConfigurationIsVisible = 0;
			defaultConfigurationName = Release;
		};
		727554352448AB4300E3595A /* Build configuration list for PBXNativeTarget "引用" */ = {
			isa = XCConfigurationList;
			buildConfigurations = (
				727554362448AB4300E3595A /* Debug */,
				727554372448AB4300E3595A /* Release */,
			);
			defaultConfigurationIsVisible = 0;
			defaultConfigurationName = Release;
		};
		72755449244A2D5A00E3595A /* Build configuration list for PBXNativeTarget "汇编" */ = {
			isa = XCConfigurationList;
			buildConfigurations = (
				7275544A244A2D5A00E3595A /* Debug */,
				7275544B244A2D5A00E3595A /* Release */,
			);
			defaultConfigurationIsVisible = 0;
			defaultConfigurationName = Release;
		};
		72B6B747244CA2CF00454284 /* Build configuration list for PBXNativeTarget "面向对象-类和对象" */ = {
			isa = XCConfigurationList;
			buildConfigurations = (
				72B6B748244CA2CF00454284 /* Debug */,
				72B6B749244CA2CF00454284 /* Release */,
			);
			defaultConfigurationIsVisible = 0;
			defaultConfigurationName = Release;
		};
		72B6B756244DF8EA00454284 /* Build configuration list for PBXNativeTarget "对象的内存管理" */ = {
			isa = XCConfigurationList;
			buildConfigurations = (
				72B6B754244DF8EA00454284 /* Debug */,
				72B6B755244DF8EA00454284 /* Release */,
			);
			defaultConfigurationIsVisible = 0;
			defaultConfigurationName = Release;
		};
		72B6B761244E02DA00454284 /* Build configuration list for PBXNativeTarget "构造函数" */ = {
			isa = XCConfigurationList;
			buildConfigurations = (
				72B6B762244E02DA00454284 /* Debug */,
				72B6B763244E02DA00454284 /* Release */,
			);
			defaultConfigurationIsVisible = 0;
			defaultConfigurationName = Release;
		};
		72B6B777244E0C9C00454284 /* Build configuration list for PBXNativeTarget "对象成员变量的初始化" */ = {
			isa = XCConfigurationList;
			buildConfigurations = (
				72B6B778244E0C9C00454284 /* Debug */,
				72B6B779244E0C9C00454284 /* Release */,
			);
			defaultConfigurationIsVisible = 0;
			defaultConfigurationName = Release;
		};
		72B6B784244E104B00454284 /* Build configuration list for PBXNativeTarget "析构函数" */ = {
			isa = XCConfigurationList;
			buildConfigurations = (
				72B6B782244E104B00454284 /* Debug */,
				72B6B783244E104B00454284 /* Release */,
			);
			defaultConfigurationIsVisible = 0;
			defaultConfigurationName = Release;
		};
/* End XCConfigurationList section */
	};
	rootObject = 721AED0E2441CBCB0034523E /* Project object */;
}
